SITE
  remote: http://community.opscode.com/api/v1
  specs:
    apt (1.4.8)
    build-essential (1.1.0)
    gunicorn (1.1.0)
      python (>= 0.0.0)
    ohai (1.1.2)
    openssl (1.0.0)
    python (1.0.8)
      build-essential (>= 0.0.0)
      yum (>= 0.0.0)
    runit (0.15.0)
    supervisor (0.1.0)
      python (>= 0.0.0)
    yum (0.8.0)

GIT
  remote: git://github.com/phlipper/chef-postgresql.git
  ref: master
  sha: d235ece0ccb90aa88aa0d80246c9253437b11e2d
  specs:
    postgresql (0.4.0)

DEPENDENCIES
  apt (>= 0)
  build-essential (>= 0)
  gunicorn (>= 0)
  ohai (>= 0)
  openssl (>= 0)
  postgresql (>= 0)
  python (>= 0)
  runit (>= 0)
  supervisor (>= 0)

